{
  "version": 4,
  "terraform_version": "0.14.4",
  "serial": 197,
  "lineage": "f6fcc375-b766-bbe8-90cc-c59bf0304912",
  "outputs": {
    "api_gateway_arn": {
      "value": "arn:aws:apigateway:us-east-2::/restapis/4zgo80psth",
      "type": "string"
    },
    "api_gateway_execution_arn": {
      "value": "arn:aws:execute-api:us-east-2:588651067040:4zgo80psth",
      "type": "string"
    },
    "lambda_name": {
      "value": "vikingosSpikeTerraformLambda",
      "type": "string"
    },
    "lambda_role_arn": {
      "value": "arn:aws:iam::588651067040:role/tf_way_lambda_role",
      "type": "string"
    }
  },
  "resources": [
    {
      "mode": "managed",
      "type": "aws_dynamodb_table",
      "name": "basic-dynamodb-table",
      "provider": "provider[\"registry.terraform.io/hashicorp/aws\"]",
      "instances": [
        {
          "schema_version": 1,
          "attributes": {
            "arn": "arn:aws:dynamodb:us-east-2:588651067040:table/vikingosSpikeTerraformDynamo",
            "attribute": [
              {
                "name": "description",
                "type": "S"
              },
              {
                "name": "isbn",
                "type": "S"
              },
              {
                "name": "name",
                "type": "S"
              }
            ],
            "billing_mode": "PROVISIONED",
            "global_secondary_index": [
              {
                "hash_key": "name",
                "name": "nameIndex",
                "non_key_attributes": [
                  "isbn"
                ],
                "projection_type": "INCLUDE",
                "range_key": "description",
                "read_capacity": 10,
                "write_capacity": 10
              }
            ],
            "hash_key": "isbn",
            "id": "vikingosSpikeTerraformDynamo",
            "local_secondary_index": [],
            "name": "vikingosSpikeTerraformDynamo",
            "point_in_time_recovery": [
              {
                "enabled": false
              }
            ],
            "range_key": "name",
            "read_capacity": 20,
            "replica": [],
            "server_side_encryption": [],
            "stream_arn": "",
            "stream_enabled": false,
            "stream_label": "",
            "stream_view_type": "",
            "tags": {
              "Environment": "production",
              "Name": "vikingosSpikeTerraformDynamo"
            },
            "timeouts": null,
            "ttl": [
              {
                "attribute_name": "",
                "enabled": false
              }
            ],
            "write_capacity": 20
          },
          "sensitive_attributes": [],
          "private": "eyJlMmJmYjczMC1lY2FhLTExZTYtOGY4OC0zNDM2M2JjN2M0YzAiOnsiY3JlYXRlIjo2MDAwMDAwMDAwMDAsImRlbGV0ZSI6NjAwMDAwMDAwMDAwLCJ1cGRhdGUiOjM2MDAwMDAwMDAwMDB9LCJzY2hlbWFfdmVyc2lvbiI6IjEifQ=="
        }
      ]
    },
    {
      "module": "module.lambda_api_gateway",
      "mode": "managed",
      "type": "aws_api_gateway_method",
      "name": "lambda_tf_way_api_gateway_get_method",
      "provider": "provider[\"registry.terraform.io/hashicorp/aws\"]",
      "instances": [
        {
          "schema_version": 0,
          "attributes": {
            "api_key_required": false,
            "authorization": "NONE",
            "authorization_scopes": null,
            "authorizer_id": null,
            "http_method": "POST",
            "id": "agm-4zgo80psth-1nk049m9z3-POST",
            "request_models": null,
            "request_parameters": null,
            "request_validator_id": null,
            "resource_id": "1nk049m9z3",
            "rest_api_id": "4zgo80psth"
          },
          "sensitive_attributes": [],
          "private": "bnVsbA==",
          "dependencies": [
            "module.lambda_api_gateway.aws_api_gateway_rest_api.lambda_tf_way_rest_api"
          ]
        }
      ]
    },
    {
      "module": "module.lambda_api_gateway",
      "mode": "managed",
      "type": "aws_api_gateway_method_response",
      "name": "lambda_tf_way_api_gateway_get_method_response",
      "provider": "provider[\"registry.terraform.io/hashicorp/aws\"]",
      "instances": [
        {
          "schema_version": 0,
          "attributes": {
            "http_method": "POST",
            "id": "agmr-4zgo80psth-1nk049m9z3-POST-200",
            "resource_id": "1nk049m9z3",
            "response_models": {
              "application/json": "Empty"
            },
            "response_parameters": null,
            "rest_api_id": "4zgo80psth",
            "status_code": "200"
          },
          "sensitive_attributes": [],
          "private": "bnVsbA==",
          "dependencies": [
            "module.lambda_api_gateway.aws_api_gateway_method.lambda_tf_way_api_gateway_get_method",
            "module.lambda_api_gateway.aws_api_gateway_rest_api.lambda_tf_way_rest_api"
          ]
        }
      ]
    },
    {
      "module": "module.lambda_api_gateway",
      "mode": "managed",
      "type": "aws_api_gateway_rest_api",
      "name": "lambda_tf_way_rest_api",
      "provider": "provider[\"registry.terraform.io/hashicorp/aws\"]",
      "instances": [
        {
          "schema_version": 0,
          "attributes": {
            "api_key_source": "HEADER",
            "arn": "arn:aws:apigateway:us-east-2::/restapis/4zgo80psth",
            "binary_media_types": null,
            "body": null,
            "created_date": "2021-01-18T00:00:52Z",
            "description": "REST API gateway for BookRequest",
            "endpoint_configuration": [
              {
                "types": [
                  "EDGE"
                ],
                "vpc_endpoint_ids": []
              }
            ],
            "execution_arn": "arn:aws:execute-api:us-east-2:588651067040:4zgo80psth",
            "id": "4zgo80psth",
            "minimum_compression_size": -1,
            "name": "BookRequest",
            "policy": "",
            "root_resource_id": "1nk049m9z3",
            "tags": null
          },
          "sensitive_attributes": [],
          "private": "bnVsbA=="
        }
      ]
    },
    {
      "module": "module.lambda_api_gateway_integration",
      "mode": "managed",
      "type": "aws_api_gateway_deployment",
      "name": "lambda_tf_way_rest_api_deployment",
      "provider": "provider[\"registry.terraform.io/hashicorp/aws\"]",
      "instances": []
    },
    {
      "module": "module.lambda_api_gateway_integration",
      "mode": "managed",
      "type": "aws_api_gateway_integration",
      "name": "lambda_tf_way_api_gateway_lambda_get_integration",
      "provider": "provider[\"registry.terraform.io/hashicorp/aws\"]",
      "instances": []
    },
    {
      "module": "module.lambda_api_gateway_integration",
      "mode": "managed",
      "type": "aws_api_gateway_integration_response",
      "name": "lambda_tf_way_api_gateway_lambda_get_integration_response",
      "provider": "provider[\"registry.terraform.io/hashicorp/aws\"]",
      "instances": []
    },
    {
      "module": "module.lambda_api_gateway_integration",
      "mode": "managed",
      "type": "aws_lambda_permission",
      "name": "lambda_tf_way_api_gateway_permission",
      "provider": "provider[\"registry.terraform.io/hashicorp/aws\"]",
      "instances": []
    },
    {
      "module": "module.lambda_role",
      "mode": "managed",
      "type": "aws_iam_role",
      "name": "lambda_tf_way_role",
      "provider": "provider[\"registry.terraform.io/hashicorp/aws\"]",
      "instances": [
        {
          "schema_version": 0,
          "attributes": {
            "arn": "arn:aws:iam::588651067040:role/tf_way_lambda_role",
            "assume_role_policy": "{\"Version\":\"2012-10-17\",\"Statement\":[{\"Sid\":\"\",\"Effect\":\"Allow\",\"Principal\":{\"Service\":\"lambda.amazonaws.com\"},\"Action\":\"sts:AssumeRole\"}]}",
            "create_date": "2021-01-18T00:00:52Z",
            "description": "",
            "force_detach_policies": false,
            "id": "tf_way_lambda_role",
            "max_session_duration": 3600,
            "name": "tf_way_lambda_role",
            "name_prefix": null,
            "path": "/",
            "permissions_boundary": null,
            "tags": null,
            "unique_id": "AROAYSDSWO2QDHYLX7PMD"
          },
          "sensitive_attributes": [],
          "private": "bnVsbA=="
        }
      ]
    },
    {
      "module": "module.lambda_role",
      "mode": "managed",
      "type": "aws_iam_role_policy",
      "name": "lambda_tf_way_role_policy",
      "provider": "provider[\"registry.terraform.io/hashicorp/aws\"]",
      "instances": [
        {
          "schema_version": 0,
          "attributes": {
            "id": "tf_way_lambda_role:tf_way_lambda_role_policy",
            "name": "tf_way_lambda_role_policy",
            "name_prefix": null,
            "policy": "{\n  \"Version\": \"2012-10-17\",\n  \"Statement\": [\n    {\n      \"Sid\": \"\",\n      \"Action\": \"logs:*\",\n      \"Effect\": \"Allow\",\n      \"Resource\": \"*\"\n    },\n    {\n      \"Sid\": \"\",\n      \"Action\": \"s3:*\",\n      \"Effect\": \"Allow\",\n      \"Resource\": \"*\"\n    },\n    {\n      \"Sid\": \"\",\n      \"Action\": \"dynamodb:*\",\n      \"Effect\": \"Allow\",\n      \"Resource\": \"*\"\n    },\n    {\n      \"Sid\": \"\",\n      \"Action\": \"sqs:*\",\n      \"Effect\": \"Allow\",\n      \"Resource\": \"*\"\n    },\n    {\n      \"Sid\": \"\",\n      \"Action\": \"kinesis:*\",\n      \"Effect\": \"Allow\",\n      \"Resource\": \"*\"\n    }\n  ]\n}\n",
            "role": "tf_way_lambda_role"
          },
          "sensitive_attributes": [],
          "private": "bnVsbA==",
          "dependencies": [
            "module.lambda_role.aws_iam_role.lambda_tf_way_role"
          ]
        }
      ]
    }
  ]
}
